
Microsoft Visual Studio Solution File, Format Version 12.00
# Visual Studio Version 16
VisualStudioVersion = 16.0.29613.14
MinimumVisualStudioVersion = 10.0.40219.1
Project("{FAE04EC0-301F-11D3-BF4B-00C04F79EFBC}") = "Rizumu", "Rizumu.Core\Rizumu.csproj", "{5A2467EE-F269-45ED-BBAF-668044E1148C}"
EndProject
Project("{FAE04EC0-301F-11D3-BF4B-00C04F79EFBC}") = "Rizumu.DX", "Rizumu.DX\Rizumu.DX.csproj", "{4F992554-6EB4-4B3E-B5CA-5E2116832976}"
EndProject
Global
	GlobalSection(SolutionConfigurationPlatforms) = preSolution
		Debug|Any CPU = Debug|Any CPU
		Debug|ARM = Debug|ARM
		Debug|x64 = Debug|x64
		Debug|x86 = Debug|x86
		Release|Any CPU = Release|Any CPU
		Release|ARM = Release|ARM
		Release|x64 = Release|x64
		Release|x86 = Release|x86
	EndGlobalSection
	GlobalSection(ProjectConfigurationPlatforms) = postSolution
		{5A2467EE-F269-45ED-BBAF-668044E1148C}.Debug|Any CPU.ActiveCfg = Debug|Any CPU
		{5A2467EE-F269-45ED-BBAF-668044E1148C}.Debug|Any CPU.Build.0 = Debug|Any CPU
		{5A2467EE-F269-45ED-BBAF-668044E1148C}.Debug|ARM.ActiveCfg = Debug|Any CPU
		{5A2467EE-F269-45ED-BBAF-668044E1148C}.Debug|ARM.Build.0 = Debug|Any CPU
		{5A2467EE-F269-45ED-BBAF-668044E1148C}.Debug|x64.ActiveCfg = Debug|Any CPU
		{5A2467EE-F269-45ED-BBAF-668044E1148C}.Debug|x64.Build.0 = Debug|Any CPU
		{5A2467EE-F269-45ED-BBAF-668044E1148C}.Debug|x86.ActiveCfg = Debug|Any CPU
		{5A2467EE-F269-45ED-BBAF-668044E1148C}.Debug|x86.Build.0 = Debug|Any CPU
		{5A2467EE-F269-45ED-BBAF-668044E1148C}.Release|Any CPU.ActiveCfg = Release|Any CPU
		{5A2467EE-F269-45ED-BBAF-668044E1148C}.Release|Any CPU.Build.0 = Release|Any CPU
		{5A2467EE-F269-45ED-BBAF-668044E1148C}.Release|ARM.ActiveCfg = Release|Any CPU
		{5A2467EE-F269-45ED-BBAF-668044E1148C}.Release|ARM.Build.0 = Release|Any CPU
		{5A2467EE-F269-45ED-BBAF-668044E1148C}.Release|x64.ActiveCfg = Release|Any CPU
		{5A2467EE-F269-45ED-BBAF-668044E1148C}.Release|x64.Build.0 = Release|Any CPU
		{5A2467EE-F269-45ED-BBAF-668044E1148C}.Release|x86.ActiveCfg = Release|Any CPU
		{5A2467EE-F269-45ED-BBAF-668044E1148C}.Release|x86.Build.0 = Release|Any CPU
		{4F992554-6EB4-4B3E-B5CA-5E2116832976}.Debug|Any CPU.ActiveCfg = Debug|Any CPU
		{4F992554-6EB4-4B3E-B5CA-5E2116832976}.Debug|Any CPU.Build.0 = Debug|Any CPU
		{4F992554-6EB4-4B3E-B5CA-5E2116832976}.Debug|ARM.ActiveCfg = Debug|Any CPU
		{4F992554-6EB4-4B3E-B5CA-5E2116832976}.Debug|ARM.Build.0 = Debug|Any CPU
		{4F992554-6EB4-4B3E-B5CA-5E2116832976}.Debug|x64.ActiveCfg = Debug|Any CPU
		{4F992554-6EB4-4B3E-B5CA-5E2116832976}.Debug|x64.Build.0 = Debug|Any CPU
		{4F992554-6EB4-4B3E-B5CA-5E2116832976}.Debug|x86.ActiveCfg = Debug|Any CPU
		{4F992554-6EB4-4B3E-B5CA-5E2116832976}.Debug|x86.Build.0 = Debug|Any CPU
		{4F992554-6EB4-4B3E-B5CA-5E2116832976}.Release|Any CPU.ActiveCfg = Release|Any CPU
		{4F992554-6EB4-4B3E-B5CA-5E2116832976}.Release|Any CPU.Build.0 = Release|Any CPU
		{4F992554-6EB4-4B3E-B5CA-5E2116832976}.Release|ARM.ActiveCfg = Release|Any CPU
		{4F992554-6EB4-4B3E-B5CA-5E2116832976}.Release|ARM.Build.0 = Release|Any CPU
		{4F992554-6EB4-4B3E-B5CA-5E2116832976}.Release|x64.ActiveCfg = Release|Any CPU
		{4F992554-6EB4-4B3E-B5CA-5E2116832976}.Release|x64.Build.0 = Release|Any CPU
		{4F992554-6EB4-4B3E-B5CA-5E2116832976}.Release|x86.ActiveCfg = Release|Any CPU
		{4F992554-6EB4-4B3E-B5CA-5E2116832976}.Release|x86.Build.0 = Release|Any CPU
	EndGlobalSection
	GlobalSection(SolutionProperties) = preSolution
		HideSolutionNode = FALSE
	EndGlobalSection
	GlobalSection(ExtensibilityGlobals) = postSolution
		SolutionGuid = {35294352-13C9-4342-B312-7433193CA15E}
	EndGlobalSection
EndGlobal
